lockfileVersion: '9.0'

settings:
  autoInstallPeers: true
  excludeLinksFromLockfile: false

importers:

  .:
    dependencies:
      cardsightai:
        specifier: ^4.0.0
        version: 4.0.0
      dotenv:
        specifier: ^16.0.0
        version: 16.6.1

packages:

  cardsightai@4.0.0:
    resolution: {integrity: sha512-EuQTut+5LJ7y6fiAfoNQlm+B5jTvJpDc+3AF6w7phTOpCyAGwL3LnrpBWqeKim3NohStq1okiy75xJA4icJ2RQ==}
    engines: {node: '>=20.0.0'}

  dotenv@16.6.1:
    resolution: {integrity: sha512-uBq4egWHTcTt33a72vpSG0z3HnPuIl6NqYcTrKEg2azoEyl2hpW0zqlxysq2pK9HlDIHyHyakeYaYnSAwd8bow==}
    engines: {node: '>=12'}

  openapi-fetch@0.17.0:
    resolution: {integrity: sha512-PsbZR1wAPcG91eEthKhN+Zn92FMHxv+/faECIwjXdxfTODGSGegYv0sc1Olz+HYPvKOuoXfp+0pA2XVt2cI0Ig==}

  openapi-typescript-helpers@0.1.0:
    resolution: {integrity: sha512-OKTGPthhivLw/fHz6c3OPtg72vi86qaMlqbJuVJ23qOvQ+53uw1n7HdmkJFibloF7QEjDrDkzJiOJuockM/ljw==}

snapshots:

  cardsightai@4.0.0:
    dependencies:
      openapi-fetch: 0.17.0

  dotenv@16.6.1: {}

  openapi-fetch@0.17.0:
    dependencies:
      openapi-typescript-helpers: 0.1.0

  openapi-typescript-helpers@0.1.0: {}
